# This file is automatically @generated by Cargo.
# It is not intended for manual editing.
version = 4

[[package]]
name = "typesafe-sdk"
version = "0.1.1"
dependencies = [
 "bytes",
 "encoding_rs",
 "fastrand 2.5.0",
 "http",
 "httpdate",
 "idna",
 "idna_adapter",
 "indexmap",
 "log",
 "reqwest",
 "serde",
 "serde_json",
 "tokio",
 "url",
 "wiremock",
]
